
Microsoft Visual Studio Solution File, Format Version 12.00
# Visual Studio 15
VisualStudioVersion = 15.0.28010.2048
MinimumVisualStudioVersion = 10.0.40219.1
Project("{9A19103F-16F7-4668-BE54-9A1E7A4F7556}") = "Salarify", "Salarify\Salarify.csproj", "{4E3FBBB6-4EA9-4E43-8AC9-AE131CEED518}"
EndProject
Project("{FAE04EC0-301F-11D3-BF4B-00C04F79EFBC}") = "Salarify.UnitTest", "Salarify.UnitTest\Salarify.UnitTest.csproj", "{096484E0-B5AA-4112-A40C-7E8335B0FFFE}"
EndProject
Global
	GlobalSection(SolutionConfigurationPlatforms) = preSolution
		Debug|Any CPU = Debug|Any CPU
		Release|Any CPU = Release|Any CPU
	EndGlobalSection
	GlobalSection(ProjectConfigurationPlatforms) = postSolution
		{4E3FBBB6-4EA9-4E43-8AC9-AE131CEED518}.Debug|Any CPU.ActiveCfg = Debug|Any CPU
		{4E3FBBB6-4EA9-4E43-8AC9-AE131CEED518}.Debug|Any CPU.Build.0 = Debug|Any CPU
		{4E3FBBB6-4EA9-4E43-8AC9-AE131CEED518}.Release|Any CPU.ActiveCfg = Release|Any CPU
		{4E3FBBB6-4EA9-4E43-8AC9-AE131CEED518}.Release|Any CPU.Build.0 = Release|Any CPU
		{096484E0-B5AA-4112-A40C-7E8335B0FFFE}.Debug|Any CPU.ActiveCfg = Debug|Any CPU
		{096484E0-B5AA-4112-A40C-7E8335B0FFFE}.Debug|Any CPU.Build.0 = Debug|Any CPU
		{096484E0-B5AA-4112-A40C-7E8335B0FFFE}.Release|Any CPU.ActiveCfg = Release|Any CPU
		{096484E0-B5AA-4112-A40C-7E8335B0FFFE}.Release|Any CPU.Build.0 = Release|Any CPU
	EndGlobalSection
	GlobalSection(SolutionProperties) = preSolution
		HideSolutionNode = FALSE
	EndGlobalSection
	GlobalSection(ExtensibilityGlobals) = postSolution
		SolutionGuid = {40823B44-28CB-435E-BB0C-37B841E0947B}
	EndGlobalSection
EndGlobal
